{
  "name": "@scola/validator",
  "version": "8.1.1",
  "lockfileVersion": 1,
  "requires": true,
  "dependencies": {
    "@scola/worker": {
      "version": "1.0.0",
      "resolved": "https://registry.npmjs.org/@scola/worker/-/worker-1.0.0.tgz",
      "integrity": "sha512-N3jPnh6l6SQwFoT5JEYm7P/rBbmJ3uTO33kVVO3uAaQZ+NU+h58gwtgFjeaCaUy//almf7I6KSpmfiefKVyPNg=="
    }
  }
}
