{
  "name": "@scola/validator",
  "version": "10.0.0",
  "lockfileVersion": 1,
  "requires": true,
  "dependencies": {
    "@scola/worker": {
      "version": "1.5.1",
      "resolved": "https://registry.npmjs.org/@scola/worker/-/worker-1.5.1.tgz",
      "integrity": "sha512-hy35ObL+FeENCJXodZNJ8xWojdoltdE/LAn5EPmMysMp8F39WRH1C9CBHSNvTZDiNH5B2iw+71Jofvutv2vqaQ=="
    }
  }
}
